
Microsoft Visual Studio Solution File, Format Version 12.00
Project("{FAE04EC0-301F-11D3-BF4B-00C04F79EFBC}") = "TestBlazorServerApp", "TestBlazorServerApp\TestBlazorServerApp.csproj", "{344DAC9D-40E2-4CE6-A68F-C3EC69004A86}"
EndProject
Project("{FAE04EC0-301F-11D3-BF4B-00C04F79EFBC}") = "Infrastructure", "Infrastructure\Infrastructure.csproj", "{123BD245-D93E-4837-B0C4-BFBA6886CC5D}"
EndProject
Project("{FAE04EC0-301F-11D3-BF4B-00C04F79EFBC}") = "Application", "Application\Application.csproj", "{C877CAA8-EAC1-4DD2-A6DB-4CC4420321BB}"
EndProject
Project("{FAE04EC0-301F-11D3-BF4B-00C04F79EFBC}") = "Domain", "Domain\Domain.csproj", "{A452E7FC-C0ED-4C59-8AAB-7C91F77E12F1}"
EndProject
Project("{2150E333-8FDC-42A3-9474-1A3956D46DE8}") = "Server", "Server", "{FBCAFDEE-E13B-49FE-B8EF-32E6826EAD97}"
EndProject
Project("{2150E333-8FDC-42A3-9474-1A3956D46DE8}") = "_SolutionFiles", "_SolutionFiles", "{8126A725-4D18-48A0-807C-09D344F90204}"
	ProjectSection(SolutionItems) = preProject
		.gitignore = .gitignore
		README.md = README.md
		.gitattributes = .gitattributes
	EndProjectSection
EndProject
Project("{2150E333-8FDC-42A3-9474-1A3956D46DE8}") = "Tests", "Tests", "{2F3E2E10-C99C-4309-A6BA-58DB539012FB}"
EndProject
Global
	GlobalSection(SolutionConfigurationPlatforms) = preSolution
		Debug|Any CPU = Debug|Any CPU
		Release|Any CPU = Release|Any CPU
	EndGlobalSection
	GlobalSection(ProjectConfigurationPlatforms) = postSolution
		{344DAC9D-40E2-4CE6-A68F-C3EC69004A86}.Debug|Any CPU.ActiveCfg = Debug|Any CPU
		{344DAC9D-40E2-4CE6-A68F-C3EC69004A86}.Debug|Any CPU.Build.0 = Debug|Any CPU
		{344DAC9D-40E2-4CE6-A68F-C3EC69004A86}.Release|Any CPU.ActiveCfg = Release|Any CPU
		{344DAC9D-40E2-4CE6-A68F-C3EC69004A86}.Release|Any CPU.Build.0 = Release|Any CPU
		{123BD245-D93E-4837-B0C4-BFBA6886CC5D}.Debug|Any CPU.ActiveCfg = Debug|Any CPU
		{123BD245-D93E-4837-B0C4-BFBA6886CC5D}.Debug|Any CPU.Build.0 = Debug|Any CPU
		{123BD245-D93E-4837-B0C4-BFBA6886CC5D}.Release|Any CPU.ActiveCfg = Release|Any CPU
		{123BD245-D93E-4837-B0C4-BFBA6886CC5D}.Release|Any CPU.Build.0 = Release|Any CPU
		{C877CAA8-EAC1-4DD2-A6DB-4CC4420321BB}.Debug|Any CPU.ActiveCfg = Debug|Any CPU
		{C877CAA8-EAC1-4DD2-A6DB-4CC4420321BB}.Debug|Any CPU.Build.0 = Debug|Any CPU
		{C877CAA8-EAC1-4DD2-A6DB-4CC4420321BB}.Release|Any CPU.ActiveCfg = Release|Any CPU
		{C877CAA8-EAC1-4DD2-A6DB-4CC4420321BB}.Release|Any CPU.Build.0 = Release|Any CPU
		{A452E7FC-C0ED-4C59-8AAB-7C91F77E12F1}.Debug|Any CPU.ActiveCfg = Debug|Any CPU
		{A452E7FC-C0ED-4C59-8AAB-7C91F77E12F1}.Debug|Any CPU.Build.0 = Debug|Any CPU
		{A452E7FC-C0ED-4C59-8AAB-7C91F77E12F1}.Release|Any CPU.ActiveCfg = Release|Any CPU
		{A452E7FC-C0ED-4C59-8AAB-7C91F77E12F1}.Release|Any CPU.Build.0 = Release|Any CPU
	EndGlobalSection
	GlobalSection(NestedProjects) = preSolution
		{C877CAA8-EAC1-4DD2-A6DB-4CC4420321BB} = {FBCAFDEE-E13B-49FE-B8EF-32E6826EAD97}
		{A452E7FC-C0ED-4C59-8AAB-7C91F77E12F1} = {FBCAFDEE-E13B-49FE-B8EF-32E6826EAD97}
		{123BD245-D93E-4837-B0C4-BFBA6886CC5D} = {FBCAFDEE-E13B-49FE-B8EF-32E6826EAD97}
		{344DAC9D-40E2-4CE6-A68F-C3EC69004A86} = {FBCAFDEE-E13B-49FE-B8EF-32E6826EAD97}
	EndGlobalSection
EndGlobal
